schema: '2.0'
stages:
  api_deployment:
    cmd: cmd /c "start /b python prediction.py && python -m http.server 8080"
    deps:
    - path: index.html
      hash: md5
      md5: fa58dcd6eb8afc69776143726b074cb7
      size: 5199
    - path: models/best_model.pth
      hash: md5
      md5: ae97536ab26dca07140fef10405cfe28
      size: 176275031
    - path: prediction.py
      hash: md5
      md5: 77f416340b9e2ab67795748f041ecb75
      size: 3667
    - path: util_classes.py
      hash: md5
      md5: 1ba1d1333650cc71d1fff794b8da5ee9
      size: 7680
    - path: util_model_classes.py
      hash: md5
      md5: a3fb6b179b3528f0bbb24d050b939ccd
      size: 8905
    - path: utils_test.py
      hash: md5
      md5: b81e27ecc222e0181767a622a66bc0f1
      size: 7446
    outs:
    - path: deployment_success.txt
      hash: md5
      md5: b5273239954c7106efcd598803873f05
      size: 36
